
Microsoft Visual Studio Solution File, Format Version 12.00
# Visual Studio Version 16
VisualStudioVersion = 16.0.30804.86
MinimumVisualStudioVersion = 10.0.40219.1
Project("{FAE04EC0-301F-11D3-BF4B-00C04F79EFBC}") = "GoFishConsoleApp", "GoFishConsoleApp.csproj", "{2CDD0F61-46F3-4860-9CFC-B0424DC823C1}"
EndProject
Global
	GlobalSection(SolutionConfigurationPlatforms) = preSolution
		Debug|Any CPU = Debug|Any CPU
		Release|Any CPU = Release|Any CPU
	EndGlobalSection
	GlobalSection(ProjectConfigurationPlatforms) = postSolution
		{2CDD0F61-46F3-4860-9CFC-B0424DC823C1}.Debug|Any CPU.ActiveCfg = Debug|Any CPU
		{2CDD0F61-46F3-4860-9CFC-B0424DC823C1}.Debug|Any CPU.Build.0 = Debug|Any CPU
		{2CDD0F61-46F3-4860-9CFC-B0424DC823C1}.Release|Any CPU.ActiveCfg = Release|Any CPU
		{2CDD0F61-46F3-4860-9CFC-B0424DC823C1}.Release|Any CPU.Build.0 = Release|Any CPU
	EndGlobalSection
	GlobalSection(SolutionProperties) = preSolution
		HideSolutionNode = FALSE
	EndGlobalSection
	GlobalSection(ExtensibilityGlobals) = postSolution
		SolutionGuid = {263C0B3B-1B68-4E4F-A695-CB694B8F710C}
	EndGlobalSection
EndGlobal
